PODS:
  - Alamofire (4.9.0)
  - AlamofireNetworkActivityIndicator (2.4.0):
    - Alamofire (~> 4.8)
  - CodableAlamofire (1.1.2):
    - Alamofire (~> 4.0)

DEPENDENCIES:
  - AlamofireNetworkActivityIndicator
  - CodableAlamofire

SPEC REPOS:
  trunk:
    - Alamofire
    - AlamofireNetworkActivityIndicator
    - CodableAlamofire

SPEC CHECKSUMS:
  Alamofire: afc3e7c6db61476cb45cdd23fed06bad03bbc321
  AlamofireNetworkActivityIndicator: 9acc3de3ca6645bf0efed462396b0df13dd3e7b8
  CodableAlamofire: b7adfb2e5e980392014b4b3f3b8b62c01b9de4aa

PODFILE CHECKSUM: 2ad0198e17e47ceb9b2630756261e7936bef8d94

COCOAPODS: 1.8.4
