PODS:
  - Alamofire (4.9.0)
  - AlamofireNetworkActivityIndicator (2.4.0):
    - Alamofire (~> 4.8)
  - CodableAlamofire (1.1.2):
    - Alamofire (~> 4.0)
  - SwiftAudio (0.11.1)

DEPENDENCIES:
  - AlamofireNetworkActivityIndicator
  - CodableAlamofire
  - SwiftAudio

SPEC REPOS:
  trunk:
    - Alamofire
    - AlamofireNetworkActivityIndicator
    - CodableAlamofire
    - SwiftAudio

SPEC CHECKSUMS:
  Alamofire: afc3e7c6db61476cb45cdd23fed06bad03bbc321
  AlamofireNetworkActivityIndicator: 9acc3de3ca6645bf0efed462396b0df13dd3e7b8
  CodableAlamofire: b7adfb2e5e980392014b4b3f3b8b62c01b9de4aa
  SwiftAudio: f71f0a94068539bf7819b6cc753c0e5dec89621f

PODFILE CHECKSUM: 1210e330a01b360cddb01aa8ba673a5488e7c275

COCOAPODS: 1.8.3
